// !$*UTF8*$!
{
	archiveVersion = 1;
	classes = {
	};
	objectVersion = 56;
	objects = {

/* Begin PBXBuildFile section */
		C77F636B2A4D7760005CCA62 /* SnapKit in Frameworks */ = {isa = PBXBuildFile; productRef = C77F636A2A4D7760005CCA62 /* SnapKit */; };
		C77F636D2A4D82C0005CCA62 /* SvetoforSectionView.swift in Sources */ = {isa = PBXBuildFile; fileRef = C77F636C2A4D82C0005CCA62 /* SvetoforSectionView.swift */; };
		C7ADCC572A2FA2DA00197FC3 /* AppDelegate.swift in Sources */ = {isa = PBXBuildFile; fileRef = C7ADCC562A2FA2DA00197FC3 /* AppDelegate.swift */; };
		C7ADCC592A2FA2DA00197FC3 /* SceneDelegate.swift in Sources */ = {isa = PBXBuildFile; fileRef = C7ADCC582A2FA2DA00197FC3 /* SceneDelegate.swift */; };
		C7ADCC5B2A2FA2DA00197FC3 /* SvetoforController.swift in Sources */ = {isa = PBXBuildFile; fileRef = C7ADCC5A2A2FA2DA00197FC3 /* SvetoforController.swift */; };
		C7ADCC5E2A2FA2DA00197FC3 /* Main.storyboard in Resources */ = {isa = PBXBuildFile; fileRef = C7ADCC5C2A2FA2DA00197FC3 /* Main.storyboard */; };
		C7ADCC602A2FA2DB00197FC3 /* Assets.xcassets in Resources */ = {isa = PBXBuildFile; fileRef = C7ADCC5F2A2FA2DB00197FC3 /* Assets.xcassets */; };
		C7ADCC632A2FA2DB00197FC3 /* LaunchScreen.storyboard in Resources */ = {isa = PBXBuildFile; fileRef = C7ADCC612A2FA2DB00197FC3 /* LaunchScreen.storyboard */; };
/* End PBXBuildFile section */

/* Begin PBXFileReference section */
		C77F636C2A4D82C0005CCA62 /* SvetoforSectionView.swift */ = {isa = PBXFileReference; lastKnownFileType = sourcecode.swift; path = SvetoforSectionView.swift; sourceTree = "<group>"; };
		C7ADCC532A2FA2DA00197FC3 /* firstApp.app */ = {isa = PBXFileReference; explicitFileType = wrapper.application; includeInIndex = 0; path = firstApp.app; sourceTree = BUILT_PRODUCTS_DIR; };
		C7ADCC562A2FA2DA00197FC3 /* AppDelegate.swift */ = {isa = PBXFileReference; lastKnownFileType = sourcecode.swift; path = AppDelegate.swift; sourceTree = "<group>"; };
		C7ADCC582A2FA2DA00197FC3 /* SceneDelegate.swift */ = {isa = PBXFileReference; lastKnownFileType = sourcecode.swift; path = SceneDelegate.swift; sourceTree = "<group>"; };
		C7ADCC5A2A2FA2DA00197FC3 /* SvetoforController.swift */ = {isa = PBXFileReference; lastKnownFileType = sourcecode.swift; path = SvetoforController.swift; sourceTree = "<group>"; };
		C7ADCC5D2A2FA2DA00197FC3 /* Base */ = {isa = PBXFileReference; lastKnownFileType = file.storyboard; name = Base; path = Base.lproj/Main.storyboard; sourceTree = "<group>"; };
		C7ADCC5F2A2FA2DB00197FC3 /* Assets.xcassets */ = {isa = PBXFileReference; lastKnownFileType = folder.assetcatalog; path = Assets.xcassets; sourceTree = "<group>"; };
		C7ADCC622A2FA2DB00197FC3 /* Base */ = {isa = PBXFileReference; lastKnownFileType = file.storyboard; name = Base; path = Base.lproj/LaunchScreen.storyboard; sourceTree = "<group>"; };
		C7ADCC642A2FA2DB00197FC3 /* Info.plist */ = {isa = PBXFileReference; lastKnownFileType = text.plist.xml; path = Info.plist; sourceTree = "<group>"; };
/* End PBXFileReference section */

/* Begin PBXFrameworksBuildPhase section */
		C7ADCC502A2FA2DA00197FC3 /* Frameworks */ = {
			isa = PBXFrameworksBuildPhase;
			buildActionMask = 2147483647;
			files = (
				C77F636B2A4D7760005CCA62 /* SnapKit in Frameworks */,
			);
			runOnlyForDeploymentPostprocessing = 0;
		};
/* End PBXFrameworksBuildPhase section */

/* Begin PBXGroup section */
		C7ADCC4A2A2FA2DA00197FC3 = {
			isa = PBXGroup;
			children = (
				C7ADCC552A2FA2DA00197FC3 /* firstApp */,
				C7ADCC542A2FA2DA00197FC3 /* Products */,
			);
			sourceTree = "<group>";
		};
		C7ADCC542A2FA2DA00197FC3 /* Products */ = {
			isa = PBXGroup;
			children = (
				C7ADCC532A2FA2DA00197FC3 /* firstApp.app */,
			);
			name = Products;
			sourceTree = "<group>";
		};
		C7ADCC552A2FA2DA00197FC3 /* firstApp */ = {
			isa = PBXGroup;
			children = (
				C7ADCC562A2FA2DA00197FC3 /* AppDelegate.swift */,
				C7ADCC582A2FA2DA00197FC3 /* SceneDelegate.swift */,
				C7ADCC5A2A2FA2DA00197FC3 /* SvetoforController.swift */,
				C77F636C2A4D82C0005CCA62 /* SvetoforSectionView.swift */,
				C7ADCC5C2A2FA2DA00197FC3 /* Main.storyboard */,
				C7ADCC5F2A2FA2DB00197FC3 /* Assets.xcassets */,
				C7ADCC612A2FA2DB00197FC3 /* LaunchScreen.storyboard */,
				C7ADCC642A2FA2DB00197FC3 /* Info.plist */,
			);
			path = firstApp;
			sourceTree = "<group>";
		};
/* End PBXGroup section */

/* Begin PBXNativeTarget section */
		C7ADCC522A2FA2DA00197FC3 /* firstApp */ = {
			isa = PBXNativeTarget;
			buildConfigurationList = C7ADCC672A2FA2DB00197FC3 /* Build configuration list for PBXNativeTarget "firstApp" */;
			buildPhases = (
				C7ADCC4F2A2FA2DA00197FC3 /* Sources */,
				C7ADCC502A2FA2DA00197FC3 /* Frameworks */,
				C7ADCC512A2FA2DA00197FC3 /* Resources */,
			);
			buildRules = (
			);
			dependencies = (
			);
			name = firstApp;
			packageProductDependencies = (
				C77F636A2A4D7760005CCA62 /* SnapKit */,
			);
			productName = firstApp;
			productReference = C7ADCC532A2FA2DA00197FC3 /* firstApp.app */;
			productType = "com.apple.product-type.application";
		};
/* End PBXNativeTarget section */

/* Begin PBXProject section */
		C7ADCC4B2A2FA2DA00197FC3 /* Project object */ = {
			isa = PBXProject;
			attributes = {
				BuildIndependentTargetsInParallel = 1;
				LastSwiftUpdateCheck = 1430;
				LastUpgradeCheck = 1430;
				TargetAttributes = {
					C7ADCC522A2FA2DA00197FC3 = {
						CreatedOnToolsVersion = 14.3.1;
					};
				};
			};
			buildConfigurationList = C7ADCC4E2A2FA2DA00197FC3 /* Build configuration list for PBXProject "firstApp" */;
			compatibilityVersion = "Xcode 14.0";
			developmentRegion = en;
			hasScannedForEncodings = 0;
			knownRegions = (
				en,
				Base,
			);
			mainGroup = C7ADCC4A2A2FA2DA00197FC3;
			packageReferences = (
				C77F63692A4D7760005CCA62 /* XCRemoteSwiftPackageReference "SnapKit" */,
			);
			productRefGroup = C7ADCC542A2FA2DA00197FC3 /* Products */;
			projectDirPath = "";
			projectRoot = "";
			targets = (
				C7ADCC522A2FA2DA00197FC3 /* firstApp */,
			);
		};
/* End PBXProject section */

/* Begin PBXResourcesBuildPhase section */
		C7ADCC512A2FA2DA00197FC3 /* Resources */ = {
			isa = PBXResourcesBuildPhase;
			buildActionMask = 2147483647;
			files = (
				C7ADCC632A2FA2DB00197FC3 /* LaunchScreen.storyboard in Resources */,
				C7ADCC602A2FA2DB00197FC3 /* Assets.xcassets in Resources */,
				C7ADCC5E2A2FA2DA00197FC3 /* Main.storyboard in Resources */,
			);
			runOnlyForDeploymentPostprocessing = 0;
		};
/* End PBXResourcesBuildPhase section */

/* Begin PBXSourcesBuildPhase section */
		C7ADCC4F2A2FA2DA00197FC3 /* Sources */ = {
			isa = PBXSourcesBuildPhase;
			buildActionMask = 2147483647;
			files = (
				C77F636D2A4D82C0005CCA62 /* SvetoforSectionView.swift in Sources */,
				C7ADCC5B2A2FA2DA00197FC3 /* SvetoforController.swift in Sources */,
				C7ADCC572A2FA2DA00197FC3 /* AppDelegate.swift in Sources */,
				C7ADCC592A2FA2DA00197FC3 /* SceneDelegate.swift in Sources */,
			);
			runOnlyForDeploymentPostprocessing = 0;
		};
/* End PBXSourcesBuildPhase section */

/* Begin PBXVariantGroup section */
		C7ADCC5C2A2FA2DA00197FC3 /* Main.storyboard */ = {
			isa = PBXVariantGroup;
			children = (
				C7ADCC5D2A2FA2DA00197FC3 /* Base */,
			);
			name = Main.storyboard;
			sourceTree = "<group>";
		};
		C7ADCC612A2FA2DB00197FC3 /* LaunchScreen.storyboard */ = {
			isa = PBXVariantGroup;
			children = (
				C7ADCC622A2FA2DB00197FC3 /* Base */,
			);
			name = LaunchScreen.storyboard;
			sourceTree = "<group>";
		};
/* End PBXVariantGroup section */

/* Begin XCBuildConfiguration section */
		C7ADCC652A2FA2DB00197FC3 /* Debug */ = {
			isa = XCBuildConfiguration;
			buildSettings = {
				ALWAYS_SEARCH_USER_PATHS = NO;
				CLANG_ANALYZER_NONNULL = YES;
				CLANG_ANALYZER_NUMBER_OBJECT_CONVERSION = YES_AGGRESSIVE;
				CLANG_CXX_LANGUAGE_STANDARD = "gnu++20";
				CLANG_ENABLE_MODULES = YES;
				CLANG_ENABLE_OBJC_ARC = YES;
				CLANG_ENABLE_OBJC_WEAK = YES;
				CLANG_WARN_BLOCK_CAPTURE_AUTORELEASING = YES;
				CLANG_WARN_BOOL_CONVERSION = YES;
				CLANG_WARN_COMMA = YES;
				CLANG_WARN_CONSTANT_CONVERSION = YES;
				CLANG_WARN_DEPRECATED_OBJC_IMPLEMENTATIONS = YES;
				CLANG_WARN_DIRECT_OBJC_ISA_USAGE = YES_ERROR;
				CLANG_WARN_DOCUMENTATION_COMMENTS = YES;
				CLANG_WARN_EMPTY_BODY = YES;
				CLANG_WARN_ENUM_CONVERSION = YES;
				CLANG_WARN_INFINITE_RECURSION = YES;
				CLANG_WARN_INT_CONVERSION = YES;
				CLANG_WARN_NON_LITERAL_NULL_CONVERSION = YES;
				CLANG_WARN_OBJC_IMPLICIT_RETAIN_SELF = YES;
				CLANG_WARN_OBJC_LITERAL_CONVERSION = YES;
				CLANG_WARN_OBJC_ROOT_CLASS = YES_ERROR;
				CLANG_WARN_QUOTED_INCLUDE_IN_FRAMEWORK_HEADER = YES;
				CLANG_WARN_RANGE_LOOP_ANALYSIS = YES;
				CLANG_WARN_STRICT_PROTOTYPES = YES;
				CLANG_WARN_SUSPICIOUS_MOVE = YES;
				CLANG_WARN_UNGUARDED_AVAILABILITY = YES_AGGRESSIVE;
				CLANG_WARN_UNREACHABLE_CODE = YES;
				CLANG_WARN__DUPLICATE_METHOD_MATCH = YES;
				COPY_PHASE_STRIP = NO;
				DEBUG_INFORMATION_FORMAT = dwarf;
				ENABLE_STRICT_OBJC_MSGSEND = YES;
				ENABLE_TESTABILITY = YES;
				GCC_C_LANGUAGE_STANDARD = gnu11;
				GCC_DYNAMIC_NO_PIC = NO;
				GCC_NO_COMMON_BLOCKS = YES;
				GCC_OPTIMIZATION_LEVEL = 0;
				GCC_PREPROCESSOR_DEFINITIONS = (
					"DEBUG=1",
					"$(inherited)",
				);
				GCC_WARN_64_TO_32_BIT_CONVERSION = YES;
				GCC_WARN_ABOUT_RETURN_TYPE = YES_ERROR;
				GCC_WARN_UNDECLARED_SELECTOR = YES;
				GCC_WARN_UNINITIALIZED_AUTOS = YES_AGGRESSIVE;
				GCC_WARN_UNUSED_FUNCTION = YES;
				GCC_WARN_UNUSED_VARIABLE = YES;
				IPHONEOS_DEPLOYMENT_TARGET = 16.4;
				MTL_ENABLE_DEBUG_INFO = INCLUDE_SOURCE;
				MTL_FAST_MATH = YES;
				ONLY_ACTIVE_ARCH = YES;
				SDKROOT = iphoneos;
				SWIFT_ACTIVE_COMPILATION_CONDITIONS = DEBUG;
				SWIFT_OPTIMIZATION_LEVEL = "-Onone";
			};
			name = Debug;
		};
		C7ADCC662A2FA2DB00197FC3 /* Release */ = {
			isa = XCBuildConfiguration;
			buildSettings = {
				ALWAYS_SEARCH_USER_PATHS = NO;
				CLANG_ANALYZER_NONNULL = YES;
				CLANG_ANALYZER_NUMBER_OBJECT_CONVERSION = YES_AGGRESSIVE;
				CLANG_CXX_LANGUAGE_STANDARD = "gnu++20";
				CLANG_ENABLE_MODULES = YES;
				CLANG_ENABLE_OBJC_ARC = YES;
				CLANG_ENABLE_OBJC_WEAK = YES;
				CLANG_WARN_BLOCK_CAPTURE_AUTORELEASING = YES;
				CLANG_WARN_BOOL_CONVERSION = YES;
				CLANG_WARN_COMMA = YES;
				CLANG_WARN_CONSTANT_CONVERSION = YES;
				CLANG_WARN_DEPRECATED_OBJC_IMPLEMENTATIONS = YES;
				CLANG_WARN_DIRECT_OBJC_ISA_USAGE = YES_ERROR;
				CLANG_WARN_DOCUMENTATION_COMMENTS = YES;
				CLANG_WARN_EMPTY_BODY = YES;
				CLANG_WARN_ENUM_CONVERSION = YES;
				CLANG_WARN_INFINITE_RECURSION = YES;
				CLANG_WARN_INT_CONVERSION = YES;
				CLANG_WARN_NON_LITERAL_NULL_CONVERSION = YES;
				CLANG_WARN_OBJC_IMPLICIT_RETAIN_SELF = YES;
				CLANG_WARN_OBJC_LITERAL_CONVERSION = YES;
				CLANG_WARN_OBJC_ROOT_CLASS = YES_ERROR;
				CLANG_WARN_QUOTED_INCLUDE_IN_FRAMEWORK_HEADER = YES;
				CLANG_WARN_RANGE_LOOP_ANALYSIS = YES;
				CLANG_WARN_STRICT_PROTOTYPES = YES;
				CLANG_WARN_SUSPICIOUS_MOVE = YES;
				CLANG_WARN_UNGUARDED_AVAILABILITY = YES_AGGRESSIVE;
				CLANG_WARN_UNREACHABLE_CODE = YES;
				CLANG_WARN__DUPLICATE_METHOD_MATCH = YES;
				COPY_PHASE_STRIP = NO;
				DEBUG_INFORMATION_FORMAT = "dwarf-with-dsym";
				ENABLE_NS_ASSERTIONS = NO;
				ENABLE_STRICT_OBJC_MSGSEND = YES;
				GCC_C_LANGUAGE_STANDARD = gnu11;
				GCC_NO_COMMON_BLOCKS = YES;
				GCC_WARN_64_TO_32_BIT_CONVERSION = YES;
				GCC_WARN_ABOUT_RETURN_TYPE = YES_ERROR;
				GCC_WARN_UNDECLARED_SELECTOR = YES;
				GCC_WARN_UNINITIALIZED_AUTOS = YES_AGGRESSIVE;
				GCC_WARN_UNUSED_FUNCTION = YES;
				GCC_WARN_UNUSED_VARIABLE = YES;
				IPHONEOS_DEPLOYMENT_TARGET = 16.4;
				MTL_ENABLE_DEBUG_INFO = NO;
				MTL_FAST_MATH = YES;
				SDKROOT = iphoneos;
				SWIFT_COMPILATION_MODE = wholemodule;
				SWIFT_OPTIMIZATION_LEVEL = "-O";
				VALIDATE_PRODUCT = YES;
			};
			name = Release;
		};
		C7ADCC682A2FA2DB00197FC3 /* Debug */ = {
			isa = XCBuildConfiguration;
			buildSettings = {
				ASSETCATALOG_COMPILER_APPICON_NAME = AppIcon;
				ASSETCATALOG_COMPILER_GLOBAL_ACCENT_COLOR_NAME = AccentColor;
				CODE_SIGN_STYLE = Automatic;
				CURRENT_PROJECT_VERSION = 1;
				GENERATE_INFOPLIST_FILE = YES;
				INFOPLIST_FILE = firstApp/Info.plist;
				INFOPLIST_KEY_UIApplicationSupportsIndirectInputEvents = YES;
				INFOPLIST_KEY_UILaunchStoryboardName = LaunchScreen;
				INFOPLIST_KEY_UIMainStoryboardFile = Main;
				INFOPLIST_KEY_UISupportedInterfaceOrientations_iPad = "UIInterfaceOrientationPortrait UIInterfaceOrientationPortraitUpsideDown UIInterfaceOrientationLandscapeLeft UIInterfaceOrientationLandscapeRight";
				INFOPLIST_KEY_UISupportedInterfaceOrientations_iPhone = "UIInterfaceOrientationPortrait UIInterfaceOrientationLandscapeLeft UIInterfaceOrientationLandscapeRight";
				LD_RUNPATH_SEARCH_PATHS = (
					"$(inherited)",
					"@executable_path/Frameworks",
				);
				MARKETING_VERSION = 1.0;
				PRODUCT_BUNDLE_IDENTIFIER = iam.firstApp;
				PRODUCT_NAME = "$(TARGET_NAME)";
				SWIFT_EMIT_LOC_STRINGS = YES;
				SWIFT_VERSION = 5.0;
				TARGETED_DEVICE_FAMILY = "1,2";
			};
			name = Debug;
		};
		C7ADCC692A2FA2DB00197FC3 /* Release */ = {
			isa = XCBuildConfiguration;
			buildSettings = {
				ASSETCATALOG_COMPILER_APPICON_NAME = AppIcon;
				ASSETCATALOG_COMPILER_GLOBAL_ACCENT_COLOR_NAME = AccentColor;
				CODE_SIGN_STYLE = Automatic;
				CURRENT_PROJECT_VERSION = 1;
				GENERATE_INFOPLIST_FILE = YES;
				INFOPLIST_FILE = firstApp/Info.plist;
				INFOPLIST_KEY_UIApplicationSupportsIndirectInputEvents = YES;
				INFOPLIST_KEY_UILaunchStoryboardName = LaunchScreen;
				INFOPLIST_KEY_UIMainStoryboardFile = Main;
				INFOPLIST_KEY_UISupportedInterfaceOrientations_iPad = "UIInterfaceOrientationPortrait UIInterfaceOrientationPortraitUpsideDown UIInterfaceOrientationLandscapeLeft UIInterfaceOrientationLandscapeRight";
				INFOPLIST_KEY_UISupportedInterfaceOrientations_iPhone = "UIInterfaceOrientationPortrait UIInterfaceOrientationLandscapeLeft UIInterfaceOrientationLandscapeRight";
				LD_RUNPATH_SEARCH_PATHS = (
					"$(inherited)",
					"@executable_path/Frameworks",
				);
				MARKETING_VERSION = 1.0;
				PRODUCT_BUNDLE_IDENTIFIER = iam.firstApp;
				PRODUCT_NAME = "$(TARGET_NAME)";
				SWIFT_EMIT_LOC_STRINGS = YES;
				SWIFT_VERSION = 5.0;
				TARGETED_DEVICE_FAMILY = "1,2";
			};
			name = Release;
		};
/* End XCBuildConfiguration section */

/* Begin XCConfigurationList section */
		C7ADCC4E2A2FA2DA00197FC3 /* Build configuration list for PBXProject "firstApp" */ = {
			isa = XCConfigurationList;
			buildConfigurations = (
				C7ADCC652A2FA2DB00197FC3 /* Debug */,
				C7ADCC662A2FA2DB00197FC3 /* Release */,
			);
			defaultConfigurationIsVisible = 0;
			defaultConfigurationName = Release;
		};
		C7ADCC672A2FA2DB00197FC3 /* Build configuration list for PBXNativeTarget "firstApp" */ = {
			isa = XCConfigurationList;
			buildConfigurations = (
				C7ADCC682A2FA2DB00197FC3 /* Debug */,
				C7ADCC692A2FA2DB00197FC3 /* Release */,
			);
			defaultConfigurationIsVisible = 0;
			defaultConfigurationName = Release;
		};
/* End XCConfigurationList section */

/* Begin XCRemoteSwiftPackageReference section */
		C77F63692A4D7760005CCA62 /* XCRemoteSwiftPackageReference "SnapKit" */ = {
			isa = XCRemoteSwiftPackageReference;
			repositoryURL = "https://github.com/SnapKit/SnapKit";
			requirement = {
				kind = upToNextMajorVersion;
				minimumVersion = 5.0.0;
			};
		};
/* End XCRemoteSwiftPackageReference section */

/* Begin XCSwiftPackageProductDependency section */
		C77F636A2A4D7760005CCA62 /* SnapKit */ = {
			isa = XCSwiftPackageProductDependency;
			package = C77F63692A4D7760005CCA62 /* XCRemoteSwiftPackageReference "SnapKit" */;
			productName = SnapKit;
		};
/* End XCSwiftPackageProductDependency section */
	};
	rootObject = C7ADCC4B2A2FA2DA00197FC3 /* Project object */;
}
